// !$*UTF8*$!
{
	archiveVersion = 1;
	classes = {
	};
	objectVersion = 50;
	objects = {

/* Begin PBXBuildFile section */
		5712587F2385A80D00805579 /* AppDelegate.swift in Sources */ = {isa = PBXBuildFile; fileRef = 5712587E2385A80D00805579 /* AppDelegate.swift */; };
		571258812385A80D00805579 /* SceneDelegate.swift in Sources */ = {isa = PBXBuildFile; fileRef = 571258802385A80D00805579 /* SceneDelegate.swift */; };
		571258832385A80D00805579 /* ScheduleListController.swift in Sources */ = {isa = PBXBuildFile; fileRef = 571258822385A80D00805579 /* ScheduleListController.swift */; };
		571258862385A80D00805579 /* Main.storyboard in Resources */ = {isa = PBXBuildFile; fileRef = 571258842385A80D00805579 /* Main.storyboard */; };
		571258882385A81000805579 /* Assets.xcassets in Resources */ = {isa = PBXBuildFile; fileRef = 571258872385A81000805579 /* Assets.xcassets */; };
		5712588B2385A81000805579 /* LaunchScreen.storyboard in Resources */ = {isa = PBXBuildFile; fileRef = 571258892385A81000805579 /* LaunchScreen.storyboard */; };
		571258932385AD0100805579 /* CreateEventController.swift in Sources */ = {isa = PBXBuildFile; fileRef = 571258922385AD0100805579 /* CreateEventController.swift */; };
		571258952385B4BC00805579 /* Event.swift in Sources */ = {isa = PBXBuildFile; fileRef = 571258942385B4BC00805579 /* Event.swift */; };
		5779F98823D2105C000D3444 /* FileManager+Extensions.swift in Sources */ = {isa = PBXBuildFile; fileRef = 5779F98723D2105C000D3444 /* FileManager+Extensions.swift */; };
		5779F98B23D21CF3000D3444 /* PersistenceHelper.swift in Sources */ = {isa = PBXBuildFile; fileRef = 5779F98A23D21CF3000D3444 /* PersistenceHelper.swift */; };
/* End PBXBuildFile section */

/* Begin PBXFileReference section */
		5712587B2385A80D00805579 /* Scheduler.app */ = {isa = PBXFileReference; explicitFileType = wrapper.application; includeInIndex = 0; path = Scheduler.app; sourceTree = BUILT_PRODUCTS_DIR; };
		5712587E2385A80D00805579 /* AppDelegate.swift */ = {isa = PBXFileReference; lastKnownFileType = sourcecode.swift; path = AppDelegate.swift; sourceTree = "<group>"; };
		571258802385A80D00805579 /* SceneDelegate.swift */ = {isa = PBXFileReference; lastKnownFileType = sourcecode.swift; path = SceneDelegate.swift; sourceTree = "<group>"; };
		571258822385A80D00805579 /* ScheduleListController.swift */ = {isa = PBXFileReference; lastKnownFileType = sourcecode.swift; path = ScheduleListController.swift; sourceTree = "<group>"; };
		571258852385A80D00805579 /* Base */ = {isa = PBXFileReference; lastKnownFileType = file.storyboard; name = Base; path = Base.lproj/Main.storyboard; sourceTree = "<group>"; };
		571258872385A81000805579 /* Assets.xcassets */ = {isa = PBXFileReference; lastKnownFileType = folder.assetcatalog; path = Assets.xcassets; sourceTree = "<group>"; };
		5712588A2385A81000805579 /* Base */ = {isa = PBXFileReference; lastKnownFileType = file.storyboard; name = Base; path = Base.lproj/LaunchScreen.storyboard; sourceTree = "<group>"; };
		5712588C2385A81000805579 /* Info.plist */ = {isa = PBXFileReference; lastKnownFileType = text.plist.xml; path = Info.plist; sourceTree = "<group>"; };
		571258922385AD0100805579 /* CreateEventController.swift */ = {isa = PBXFileReference; lastKnownFileType = sourcecode.swift; path = CreateEventController.swift; sourceTree = "<group>"; };
		571258942385B4BC00805579 /* Event.swift */ = {isa = PBXFileReference; lastKnownFileType = sourcecode.swift; path = Event.swift; sourceTree = "<group>"; };
		5779F98723D2105C000D3444 /* FileManager+Extensions.swift */ = {isa = PBXFileReference; lastKnownFileType = sourcecode.swift; path = "FileManager+Extensions.swift"; sourceTree = "<group>"; };
		5779F98A23D21CF3000D3444 /* PersistenceHelper.swift */ = {isa = PBXFileReference; lastKnownFileType = sourcecode.swift; path = PersistenceHelper.swift; sourceTree = "<group>"; };
/* End PBXFileReference section */

/* Begin PBXFrameworksBuildPhase section */
		571258782385A80D00805579 /* Frameworks */ = {
			isa = PBXFrameworksBuildPhase;
			buildActionMask = 2147483647;
			files = (
			);
			runOnlyForDeploymentPostprocessing = 0;
		};
/* End PBXFrameworksBuildPhase section */

/* Begin PBXGroup section */
		571258722385A80D00805579 = {
			isa = PBXGroup;
			children = (
				5712587D2385A80D00805579 /* Scheduler */,
				5712587C2385A80D00805579 /* Products */,
			);
			sourceTree = "<group>";
		};
		5712587C2385A80D00805579 /* Products */ = {
			isa = PBXGroup;
			children = (
				5712587B2385A80D00805579 /* Scheduler.app */,
			);
			name = Products;
			sourceTree = "<group>";
		};
		5712587D2385A80D00805579 /* Scheduler */ = {
			isa = PBXGroup;
			children = (
				5779F98923D21CBB000D3444 /* Data Persistence */,
				5779F98623D21020000D3444 /* Models */,
				5779F98523D21016000D3444 /* Controllers */,
				5779F98423D21004000D3444 /* Supporting Files */,
				5712588C2385A81000805579 /* Info.plist */,
			);
			path = Scheduler;
			sourceTree = "<group>";
		};
		5779F98423D21004000D3444 /* Supporting Files */ = {
			isa = PBXGroup;
			children = (
				5712587E2385A80D00805579 /* AppDelegate.swift */,
				571258802385A80D00805579 /* SceneDelegate.swift */,
				571258842385A80D00805579 /* Main.storyboard */,
				571258872385A81000805579 /* Assets.xcassets */,
				571258892385A81000805579 /* LaunchScreen.storyboard */,
			);
			path = "Supporting Files";
			sourceTree = "<group>";
		};
		5779F98523D21016000D3444 /* Controllers */ = {
			isa = PBXGroup;
			children = (
				571258822385A80D00805579 /* ScheduleListController.swift */,
				571258922385AD0100805579 /* CreateEventController.swift */,
			);
			path = Controllers;
			sourceTree = "<group>";
		};
		5779F98623D21020000D3444 /* Models */ = {
			isa = PBXGroup;
			children = (
				571258942385B4BC00805579 /* Event.swift */,
			);
			path = Models;
			sourceTree = "<group>";
		};
		5779F98923D21CBB000D3444 /* Data Persistence */ = {
			isa = PBXGroup;
			children = (
				5779F98723D2105C000D3444 /* FileManager+Extensions.swift */,
				5779F98A23D21CF3000D3444 /* PersistenceHelper.swift */,
			);
			path = "Data Persistence";
			sourceTree = "<group>";
		};
/* End PBXGroup section */

/* Begin PBXNativeTarget section */
		5712587A2385A80D00805579 /* Scheduler */ = {
			isa = PBXNativeTarget;
			buildConfigurationList = 5712588F2385A81000805579 /* Build configuration list for PBXNativeTarget "Scheduler" */;
			buildPhases = (
				571258772385A80D00805579 /* Sources */,
				571258782385A80D00805579 /* Frameworks */,
				571258792385A80D00805579 /* Resources */,
			);
			buildRules = (
			);
			dependencies = (
			);
			name = Scheduler;
			productName = Scheduler;
			productReference = 5712587B2385A80D00805579 /* Scheduler.app */;
			productType = "com.apple.product-type.application";
		};
/* End PBXNativeTarget section */

/* Begin PBXProject section */
		571258732385A80D00805579 /* Project object */ = {
			isa = PBXProject;
			attributes = {
				LastSwiftUpdateCheck = 1120;
				LastUpgradeCheck = 1120;
				ORGANIZATIONNAME = "Alex Paul";
				TargetAttributes = {
					5712587A2385A80D00805579 = {
						CreatedOnToolsVersion = 11.2.1;
					};
				};
			};
			buildConfigurationList = 571258762385A80D00805579 /* Build configuration list for PBXProject "Scheduler" */;
			compatibilityVersion = "Xcode 9.3";
			developmentRegion = en;
			hasScannedForEncodings = 0;
			knownRegions = (
				en,
				Base,
			);
			mainGroup = 571258722385A80D00805579;
			productRefGroup = 5712587C2385A80D00805579 /* Products */;
			projectDirPath = "";
			projectRoot = "";
			targets = (
				5712587A2385A80D00805579 /* Scheduler */,
			);
		};
/* End PBXProject section */

/* Begin PBXResourcesBuildPhase section */
		571258792385A80D00805579 /* Resources */ = {
			isa = PBXResourcesBuildPhase;
			buildActionMask = 2147483647;
			files = (
				5712588B2385A81000805579 /* LaunchScreen.storyboard in Resources */,
				571258882385A81000805579 /* Assets.xcassets in Resources */,
				571258862385A80D00805579 /* Main.storyboard in Resources */,
			);
			runOnlyForDeploymentPostprocessing = 0;
		};
/* End PBXResourcesBuildPhase section */

/* Begin PBXSourcesBuildPhase section */
		571258772385A80D00805579 /* Sources */ = {
			isa = PBXSourcesBuildPhase;
			buildActionMask = 2147483647;
			files = (
				571258932385AD0100805579 /* CreateEventController.swift in Sources */,
				571258832385A80D00805579 /* ScheduleListController.swift in Sources */,
				5712587F2385A80D00805579 /* AppDelegate.swift in Sources */,
				5779F98B23D21CF3000D3444 /* PersistenceHelper.swift in Sources */,
				571258812385A80D00805579 /* SceneDelegate.swift in Sources */,
				571258952385B4BC00805579 /* Event.swift in Sources */,
				5779F98823D2105C000D3444 /* FileManager+Extensions.swift in Sources */,
			);
			runOnlyForDeploymentPostprocessing = 0;
		};
/* End PBXSourcesBuildPhase section */

/* Begin PBXVariantGroup section */
		571258842385A80D00805579 /* Main.storyboard */ = {
			isa = PBXVariantGroup;
			children = (
				571258852385A80D00805579 /* Base */,
			);
			name = Main.storyboard;
			sourceTree = "<group>";
		};
		571258892385A81000805579 /* LaunchScreen.storyboard */ = {
			isa = PBXVariantGroup;
			children = (
				5712588A2385A81000805579 /* Base */,
			);
			name = LaunchScreen.storyboard;
			sourceTree = "<group>";
		};
/* End PBXVariantGroup section */

/* Begin XCBuildConfiguration section */
		5712588D2385A81000805579 /* Debug */ = {
			isa = XCBuildConfiguration;
			buildSettings = {
				ALWAYS_SEARCH_USER_PATHS = NO;
				CLANG_ANALYZER_NONNULL = YES;
				CLANG_ANALYZER_NUMBER_OBJECT_CONVERSION = YES_AGGRESSIVE;
				CLANG_CXX_LANGUAGE_STANDARD = "gnu++14";
				CLANG_CXX_LIBRARY = "libc++";
				CLANG_ENABLE_MODULES = YES;
				CLANG_ENABLE_OBJC_ARC = YES;
				CLANG_ENABLE_OBJC_WEAK = YES;
				CLANG_WARN_BLOCK_CAPTURE_AUTORELEASING = YES;
				CLANG_WARN_BOOL_CONVERSION = YES;
				CLANG_WARN_COMMA = YES;
				CLANG_WARN_CONSTANT_CONVERSION = YES;
				CLANG_WARN_DEPRECATED_OBJC_IMPLEMENTATIONS = YES;
				CLANG_WARN_DIRECT_OBJC_ISA_USAGE = YES_ERROR;
				CLANG_WARN_DOCUMENTATION_COMMENTS = YES;
				CLANG_WARN_EMPTY_BODY = YES;
				CLANG_WARN_ENUM_CONVERSION = YES;
				CLANG_WARN_INFINITE_RECURSION = YES;
				CLANG_WARN_INT_CONVERSION = YES;
				CLANG_WARN_NON_LITERAL_NULL_CONVERSION = YES;
				CLANG_WARN_OBJC_IMPLICIT_RETAIN_SELF = YES;
				CLANG_WARN_OBJC_LITERAL_CONVERSION = YES;
				CLANG_WARN_OBJC_ROOT_CLASS = YES_ERROR;
				CLANG_WARN_RANGE_LOOP_ANALYSIS = YES;
				CLANG_WARN_STRICT_PROTOTYPES = YES;
				CLANG_WARN_SUSPICIOUS_MOVE = YES;
				CLANG_WARN_UNGUARDED_AVAILABILITY = YES_AGGRESSIVE;
				CLANG_WARN_UNREACHABLE_CODE = YES;
				CLANG_WARN__DUPLICATE_METHOD_MATCH = YES;
				COPY_PHASE_STRIP = NO;
				DEBUG_INFORMATION_FORMAT = dwarf;
				ENABLE_STRICT_OBJC_MSGSEND = YES;
				ENABLE_TESTABILITY = YES;
				GCC_C_LANGUAGE_STANDARD = gnu11;
				GCC_DYNAMIC_NO_PIC = NO;
				GCC_NO_COMMON_BLOCKS = YES;
				GCC_OPTIMIZATION_LEVEL = 0;
				GCC_PREPROCESSOR_DEFINITIONS = (
					"DEBUG=1",
					"$(inherited)",
				);
				GCC_WARN_64_TO_32_BIT_CONVERSION = YES;
				GCC_WARN_ABOUT_RETURN_TYPE = YES_ERROR;
				GCC_WARN_UNDECLARED_SELECTOR = YES;
				GCC_WARN_UNINITIALIZED_AUTOS = YES_AGGRESSIVE;
				GCC_WARN_UNUSED_FUNCTION = YES;
				GCC_WARN_UNUSED_VARIABLE = YES;
				IPHONEOS_DEPLOYMENT_TARGET = 13.2;
				MTL_ENABLE_DEBUG_INFO = INCLUDE_SOURCE;
				MTL_FAST_MATH = YES;
				ONLY_ACTIVE_ARCH = YES;
				SDKROOT = iphoneos;
				SWIFT_ACTIVE_COMPILATION_CONDITIONS = DEBUG;
				SWIFT_OPTIMIZATION_LEVEL = "-Onone";
			};
			name = Debug;
		};
		5712588E2385A81000805579 /* Release */ = {
			isa = XCBuildConfiguration;
			buildSettings = {
				ALWAYS_SEARCH_USER_PATHS = NO;
				CLANG_ANALYZER_NONNULL = YES;
				CLANG_ANALYZER_NUMBER_OBJECT_CONVERSION = YES_AGGRESSIVE;
				CLANG_CXX_LANGUAGE_STANDARD = "gnu++14";
				CLANG_CXX_LIBRARY = "libc++";
				CLANG_ENABLE_MODULES = YES;
				CLANG_ENABLE_OBJC_ARC = YES;
				CLANG_ENABLE_OBJC_WEAK = YES;
				CLANG_WARN_BLOCK_CAPTURE_AUTORELEASING = YES;
				CLANG_WARN_BOOL_CONVERSION = YES;
				CLANG_WARN_COMMA = YES;
				CLANG_WARN_CONSTANT_CONVERSION = YES;
				CLANG_WARN_DEPRECATED_OBJC_IMPLEMENTATIONS = YES;
				CLANG_WARN_DIRECT_OBJC_ISA_USAGE = YES_ERROR;
				CLANG_WARN_DOCUMENTATION_COMMENTS = YES;
				CLANG_WARN_EMPTY_BODY = YES;
				CLANG_WARN_ENUM_CONVERSION = YES;
				CLANG_WARN_INFINITE_RECURSION = YES;
				CLANG_WARN_INT_CONVERSION = YES;
				CLANG_WARN_NON_LITERAL_NULL_CONVERSION = YES;
				CLANG_WARN_OBJC_IMPLICIT_RETAIN_SELF = YES;
				CLANG_WARN_OBJC_LITERAL_CONVERSION = YES;
				CLANG_WARN_OBJC_ROOT_CLASS = YES_ERROR;
				CLANG_WARN_RANGE_LOOP_ANALYSIS = YES;
				CLANG_WARN_STRICT_PROTOTYPES = YES;
				CLANG_WARN_SUSPICIOUS_MOVE = YES;
				CLANG_WARN_UNGUARDED_AVAILABILITY = YES_AGGRESSIVE;
				CLANG_WARN_UNREACHABLE_CODE = YES;
				CLANG_WARN__DUPLICATE_METHOD_MATCH = YES;
				COPY_PHASE_STRIP = NO;
				DEBUG_INFORMATION_FORMAT = "dwarf-with-dsym";
				ENABLE_NS_ASSERTIONS = NO;
				ENABLE_STRICT_OBJC_MSGSEND = YES;
				GCC_C_LANGUAGE_STANDARD = gnu11;
				GCC_NO_COMMON_BLOCKS = YES;
				GCC_WARN_64_TO_32_BIT_CONVERSION = YES;
				GCC_WARN_ABOUT_RETURN_TYPE = YES_ERROR;
				GCC_WARN_UNDECLARED_SELECTOR = YES;
				GCC_WARN_UNINITIALIZED_AUTOS = YES_AGGRESSIVE;
				GCC_WARN_UNUSED_FUNCTION = YES;
				GCC_WARN_UNUSED_VARIABLE = YES;
				IPHONEOS_DEPLOYMENT_TARGET = 13.2;
				MTL_ENABLE_DEBUG_INFO = NO;
				MTL_FAST_MATH = YES;
				SDKROOT = iphoneos;
				SWIFT_COMPILATION_MODE = wholemodule;
				SWIFT_OPTIMIZATION_LEVEL = "-O";
				VALIDATE_PRODUCT = YES;
			};
			name = Release;
		};
		571258902385A81000805579 /* Debug */ = {
			isa = XCBuildConfiguration;
			buildSettings = {
				ASSETCATALOG_COMPILER_APPICON_NAME = AppIcon;
				CODE_SIGN_STYLE = Automatic;
				DEVELOPMENT_TEAM = ZEKMNK5YD3;
				INFOPLIST_FILE = Scheduler/Info.plist;
				LD_RUNPATH_SEARCH_PATHS = (
					"$(inherited)",
					"@executable_path/Frameworks",
				);
				PRODUCT_BUNDLE_IDENTIFIER = com.alexcpaul.Scheduler;
				PRODUCT_NAME = "$(TARGET_NAME)";
				SWIFT_VERSION = 5.0;
				TARGETED_DEVICE_FAMILY = "1,2";
			};
			name = Debug;
		};
		571258912385A81000805579 /* Release */ = {
			isa = XCBuildConfiguration;
			buildSettings = {
				ASSETCATALOG_COMPILER_APPICON_NAME = AppIcon;
				CODE_SIGN_STYLE = Automatic;
				DEVELOPMENT_TEAM = ZEKMNK5YD3;
				INFOPLIST_FILE = Scheduler/Info.plist;
				LD_RUNPATH_SEARCH_PATHS = (
					"$(inherited)",
					"@executable_path/Frameworks",
				);
				PRODUCT_BUNDLE_IDENTIFIER = com.alexcpaul.Scheduler;
				PRODUCT_NAME = "$(TARGET_NAME)";
				SWIFT_VERSION = 5.0;
				TARGETED_DEVICE_FAMILY = "1,2";
			};
			name = Release;
		};
/* End XCBuildConfiguration section */

/* Begin XCConfigurationList section */
		571258762385A80D00805579 /* Build configuration list for PBXProject "Scheduler" */ = {
			isa = XCConfigurationList;
			buildConfigurations = (
				5712588D2385A81000805579 /* Debug */,
				5712588E2385A81000805579 /* Release */,
			);
			defaultConfigurationIsVisible = 0;
			defaultConfigurationName = Release;
		};
		5712588F2385A81000805579 /* Build configuration list for PBXNativeTarget "Scheduler" */ = {
			isa = XCConfigurationList;
			buildConfigurations = (
				571258902385A81000805579 /* Debug */,
				571258912385A81000805579 /* Release */,
			);
			defaultConfigurationIsVisible = 0;
			defaultConfigurationName = Release;
		};
/* End XCConfigurationList section */
	};
	rootObject = 571258732385A80D00805579 /* Project object */;
}
